{
  "name": "conditionalvalue",
  "version": "1.0.0",
  "lockfileVersion": 2,
  "requires": true,
  "packages": {
    "": {
      "name": "conditionalvalue",
      "version": "1.0.0",
      "license": "ISC",
      "dependencies": {
        "lodash.get": "^4.4.2",
        "versioning": "^1.1.2"
      }
    },
    "node_modules/lodash.get": {
      "version": "4.4.2",
      "resolved": "https://registry.npmjs.org/lodash.get/-/lodash.get-4.4.2.tgz",
      "integrity": "sha1-LRd/ZS+jHpObRDjVNBSZ36OCXpk="
    },
    "node_modules/versioning": {
      "version": "1.1.2",
      "resolved": "https://registry.npmjs.org/versioning/-/versioning-1.1.2.tgz",
      "integrity": "sha512-LIvF/XKMprJ6ZYWBvxm1MuTZGuYqE4svbVGI1mZL7Ogyf4JLUKkuPInCi/FghPSpgqHzuBUdq/Es4ZBxkqr+vQ=="
    }
  },
  "dependencies": {
    "lodash.get": {
      "version": "4.4.2",
      "resolved": "https://registry.npmjs.org/lodash.get/-/lodash.get-4.4.2.tgz",
      "integrity": "sha1-LRd/ZS+jHpObRDjVNBSZ36OCXpk="
    },
    "versioning": {
      "version": "1.1.2",
      "resolved": "https://registry.npmjs.org/versioning/-/versioning-1.1.2.tgz",
      "integrity": "sha512-LIvF/XKMprJ6ZYWBvxm1MuTZGuYqE4svbVGI1mZL7Ogyf4JLUKkuPInCi/FghPSpgqHzuBUdq/Es4ZBxkqr+vQ=="
    }
  }
}
